
Microsoft Visual Studio Solution File, Format Version 12.00
# Visual Studio Version 17
VisualStudioVersion = 17.8.34511.84
MinimumVisualStudioVersion = 10.0.40219.1
Project("{9A19103F-16F7-4668-BE54-9A1E7A4F7556}") = "BlazorPoultryDashboard", "BlazorPoultryDashboard.csproj", "{DB8A990F-78DD-419B-B8DB-050798EC7ED5}"
EndProject
Global
	GlobalSection(SolutionConfigurationPlatforms) = preSolution
		Debug|Any CPU = Debug|Any CPU
		Release|Any CPU = Release|Any CPU
	EndGlobalSection
	GlobalSection(ProjectConfigurationPlatforms) = postSolution
		{DB8A990F-78DD-419B-B8DB-050798EC7ED5}.Debug|Any CPU.ActiveCfg = Debug|Any CPU
		{DB8A990F-78DD-419B-B8DB-050798EC7ED5}.Debug|Any CPU.Build.0 = Debug|Any CPU
		{DB8A990F-78DD-419B-B8DB-050798EC7ED5}.Release|Any CPU.ActiveCfg = Release|Any CPU
		{DB8A990F-78DD-419B-B8DB-050798EC7ED5}.Release|Any CPU.Build.0 = Release|Any CPU
	EndGlobalSection
	GlobalSection(SolutionProperties) = preSolution
		HideSolutionNode = FALSE
	EndGlobalSection
	GlobalSection(ExtensibilityGlobals) = postSolution
		SolutionGuid = {E71F9D5C-EEDF-46AB-86E8-6E2C6CC9FE80}
	EndGlobalSection
EndGlobal
